PODS:
  - Alamofire (5.0.5)
  - ModelMapper (10.0.0):
    - ModelMapper/Core (= 10.0.0)
  - ModelMapper/Core (10.0.0)
  - Moya (14.0.0):
    - Moya/Core (= 14.0.0)
  - Moya-ModelMapper (10.0.0):
    - Moya-ModelMapper/Core (= 10.0.0)
  - Moya-ModelMapper/Core (10.0.0):
    - ModelMapper (~> 10.0)
    - Moya (~> 14.0)
  - Moya/Core (14.0.0):
    - Alamofire (~> 5.0)
  - Moya/RxSwift (14.0.0):
    - Moya/Core
    - RxSwift (~> 5.0)
  - RxSwift (5.1.1)

DEPENDENCIES:
  - Moya-ModelMapper (~> 10.0)
  - Moya/RxSwift (~> 14.0)

SPEC REPOS:
  trunk:
    - Alamofire
    - ModelMapper
    - Moya
    - Moya-ModelMapper
    - RxSwift

SPEC CHECKSUMS:
  Alamofire: df2f8f826963b08b9a870791ad48e07a10090b2e
  ModelMapper: a8dbf2a2003bf626627b9fe7c9a22b3405a30404
  Moya: 5b45dacb75adb009f97fde91c204c1e565d31916
  Moya-ModelMapper: e3a478500921e7299804dc1ac550f1ebf3228ade
  RxSwift: 81470a2074fa8780320ea5fe4102807cb7118178

PODFILE CHECKSUM: 04d61f73d4f9dcef07a78ab28403cf25c7536e79

COCOAPODS: 1.8.4
